
Microsoft Visual Studio Solution File, Format Version 12.00
# Visual Studio Version 17
VisualStudioVersion = 17.14.36401.2 d17.14
MinimumVisualStudioVersion = 10.0.40219.1
Project("{FAE04EC0-301F-11D3-BF4B-00C04F79EFBC}") = "LeapEventTech", "LeapEventTech.csproj", "{2785F605-A554-4500-8B69-E3CF83CFBBDB}"
EndProject
Global
	GlobalSection(SolutionConfigurationPlatforms) = preSolution
		Debug|Any CPU = Debug|Any CPU
		Release|Any CPU = Release|Any CPU
	EndGlobalSection
	GlobalSection(ProjectConfigurationPlatforms) = postSolution
		{2785F605-A554-4500-8B69-E3CF83CFBBDB}.Debug|Any CPU.ActiveCfg = Debug|Any CPU
		{2785F605-A554-4500-8B69-E3CF83CFBBDB}.Debug|Any CPU.Build.0 = Debug|Any CPU
		{2785F605-A554-4500-8B69-E3CF83CFBBDB}.Release|Any CPU.ActiveCfg = Release|Any CPU
		{2785F605-A554-4500-8B69-E3CF83CFBBDB}.Release|Any CPU.Build.0 = Release|Any CPU
	EndGlobalSection
	GlobalSection(SolutionProperties) = preSolution
		HideSolutionNode = FALSE
	EndGlobalSection
	GlobalSection(ExtensibilityGlobals) = postSolution
		SolutionGuid = {F5AE9E07-3D17-4AB9-93F7-34E7D818897C}
	EndGlobalSection
EndGlobal
